
Microsoft Visual Studio Solution File, Format Version 12.00
# Visual Studio Version 17
VisualStudioVersion = 17.14.36408.4 d17.14
MinimumVisualStudioVersion = 10.0.40219.1
Project("{FAE04EC0-301F-11D3-BF4B-00C04F79EFBC}") = "ProjetoWebSales", "ProjetoWebSales\ProjetoWebSales.csproj", "{62EEDB5C-C829-4AF2-9811-9C64C1025D0B}"
EndProject
Global
	GlobalSection(SolutionConfigurationPlatforms) = preSolution
		Debug|Any CPU = Debug|Any CPU
		Release|Any CPU = Release|Any CPU
	EndGlobalSection
	GlobalSection(ProjectConfigurationPlatforms) = postSolution
		{62EEDB5C-C829-4AF2-9811-9C64C1025D0B}.Debug|Any CPU.ActiveCfg = Debug|Any CPU
		{62EEDB5C-C829-4AF2-9811-9C64C1025D0B}.Debug|Any CPU.Build.0 = Debug|Any CPU
		{62EEDB5C-C829-4AF2-9811-9C64C1025D0B}.Release|Any CPU.ActiveCfg = Release|Any CPU
		{62EEDB5C-C829-4AF2-9811-9C64C1025D0B}.Release|Any CPU.Build.0 = Release|Any CPU
	EndGlobalSection
	GlobalSection(SolutionProperties) = preSolution
		HideSolutionNode = FALSE
	EndGlobalSection
	GlobalSection(ExtensibilityGlobals) = postSolution
		SolutionGuid = {AFFE9658-775E-430E-B6F3-7C57A9181051}
	EndGlobalSection
EndGlobal
